
Microsoft Visual Studio Solution File, Format Version 12.00
# Visual Studio Version 17
VisualStudioVersion = 17.11.35222.181
MinimumVisualStudioVersion = 10.0.40219.1
Project("{8BC9CEB8-8B4A-11D0-8D11-00A0C91BC942}") = "Engine", "Engine\Engine.vcxproj", "{E85843E0-868F-4169-A991-28871C042FA2}"
EndProject
Project("{8BC9CEB8-8B4A-11D0-8D11-00A0C91BC942}") = "Editor", "Editor\Editor.vcxproj", "{6F42D7CC-C6E9-44E4-B9C6-26C2E86687D7}"
EndProject
Global
	GlobalSection(SolutionConfigurationPlatforms) = preSolution
		Debug|x64 = Debug|x64
		Release|x64 = Release|x64
	EndGlobalSection
	GlobalSection(ProjectConfigurationPlatforms) = postSolution
		{E85843E0-868F-4169-A991-28871C042FA2}.Debug|x64.ActiveCfg = Debug|x64
		{E85843E0-868F-4169-A991-28871C042FA2}.Debug|x64.Build.0 = Debug|x64
		{E85843E0-868F-4169-A991-28871C042FA2}.Release|x64.ActiveCfg = Release|x64
		{E85843E0-868F-4169-A991-28871C042FA2}.Release|x64.Build.0 = Release|x64
		{6F42D7CC-C6E9-44E4-B9C6-26C2E86687D7}.Debug|x64.ActiveCfg = Debug|x64
		{6F42D7CC-C6E9-44E4-B9C6-26C2E86687D7}.Debug|x64.Build.0 = Debug|x64
		{6F42D7CC-C6E9-44E4-B9C6-26C2E86687D7}.Release|x64.ActiveCfg = Release|x64
		{6F42D7CC-C6E9-44E4-B9C6-26C2E86687D7}.Release|x64.Build.0 = Release|x64
	EndGlobalSection
	GlobalSection(SolutionProperties) = preSolution
		HideSolutionNode = FALSE
	EndGlobalSection
	GlobalSection(ExtensibilityGlobals) = postSolution
		SolutionGuid = {9049EBB8-D32C-42D8-92FA-35BA373ADA74}
	EndGlobalSection
EndGlobal
