<?xml version="1.0" encoding="utf-8"?>
<Project ToolsVersion="4.0" xmlns="http://schemas.microsoft.com/developer/msbuild/2003">
  <ItemGroup>
    <Filter Include="Source Files">
      <UniqueIdentifier>{4FC737F1-C7A5-4376-A066-2A32D752A2FF}</UniqueIdentifier>
      <Extensions>cpp;c;cc;cxx;c++;cppm;ixx;def;odl;idl;hpj;bat;asm;asmx</Extensions>
    </Filter>
    <Filter Include="Header Files">
      <UniqueIdentifier>{93995380-89BD-4b04-88EB-625FBE52EBFB}</UniqueIdentifier>
      <Extensions>h;hh;hpp;hxx;h++;hm;inl;inc;ipp;xsd</Extensions>
    </Filter>
    <Filter Include="Resource Files">
      <UniqueIdentifier>{67DA6AB6-F800-4c08-8B7A-83BB121AAD01}</UniqueIdentifier>
      <Extensions>rc;ico;cur;bmp;dlg;rc2;rct;bin;rgs;gif;jpg;jpeg;jpe;resx;tiff;tif;png;wav;mfcribbon-ms</Extensions>
    </Filter>
    <Filter Include="External">
      <UniqueIdentifier>{fda46229-6fe1-441a-a510-a54eac99871d}</UniqueIdentifier>
    </Filter>
    <Filter Include="External\glm">
      <UniqueIdentifier>{84ce5e5c-cd1d-4c6d-ae76-7938f2d77caf}</UniqueIdentifier>
    </Filter>
    <Filter Include="External\stb_image">
      <UniqueIdentifier>{bc646182-b94c-4945-8c48-720af00daffd}</UniqueIdentifier>
    </Filter>
  </ItemGroup>
  <ItemGroup>
    <ClCompile Include="Engine.cpp">
      <Filter>Source Files</Filter>
    </ClCompile>
    <ClCompile Include="Private\Application.cpp">
      <Filter>Source Files</Filter>
    </ClCompile>
    <ClCompile Include="Private\Basics\Components\CameraComponent.cpp">
      <Filter>Source Files</Filter>
    </ClCompile>
    <ClCompile Include="Private\Basics\Components\DirectionalLightComponent.cpp">
      <Filter>Source Files</Filter>
    </ClCompile>
    <ClCompile Include="Private\Basics\Components\MeshComponent.cpp">
      <Filter>Source Files</Filter>
    </ClCompile>
    <ClCompile Include="Private\Basics\Components\PilotCameraController.cpp">
      <Filter>Source Files</Filter>
    </ClCompile>
    <ClCompile Include="Private\Basics\Components\PilotComponent.cpp">
      <Filter>Source Files</Filter>
    </ClCompile>
    <ClCompile Include="Private\Basics\Components\PointLightComponent.cpp">
      <Filter>Source Files</Filter>
    </ClCompile>
    <ClCompile Include="Private\Basics\Components\PostProcessingComponent.cpp">
      <Filter>Source Files</Filter>
    </ClCompile>
    <ClCompile Include="Private\Basics\Components\SkyboxComponent.cpp">
      <Filter>Source Files</Filter>
    </ClCompile>
    <ClCompile Include="Private\Basics\Components\SpotLightComponent.cpp">
      <Filter>Source Files</Filter>
    </ClCompile>
    <ClCompile Include="Private\Basics\Objects\Cube.cpp">
      <Filter>Source Files</Filter>
    </ClCompile>
    <ClCompile Include="Private\Basics\Objects\DirectionalLight.cpp">
      <Filter>Source Files</Filter>
    </ClCompile>
    <ClCompile Include="Private\Basics\Objects\FlyingCamera.cpp">
      <Filter>Source Files</Filter>
    </ClCompile>
    <ClCompile Include="Private\Basics\Objects\Model.cpp">
      <Filter>Source Files</Filter>
    </ClCompile>
    <ClCompile Include="Private\Basics\Objects\PointLight.cpp">
      <Filter>Source Files</Filter>
    </ClCompile>
    <ClCompile Include="Private\Basics\Objects\PostProcessing.cpp">
      <Filter>Source Files</Filter>
    </ClCompile>
    <ClCompile Include="Private\Basics\Objects\Quad.cpp">
      <Filter>Source Files</Filter>
    </ClCompile>
    <ClCompile Include="Private\Basics\Objects\Skybox.cpp">
      <Filter>Source Files</Filter>
    </ClCompile>
    <ClCompile Include="Private\Basics\Objects\Sphere.cpp">
      <Filter>Source Files</Filter>
    </ClCompile>
    <ClCompile Include="Private\Basics\Objects\SpotLight.cpp">
      <Filter>Source Files</Filter>
    </ClCompile>
    <ClCompile Include="Private\GameObject\Component.cpp">
      <Filter>Source Files</Filter>
    </ClCompile>
    <ClCompile Include="Private\GameObject\GameObject.cpp">
      <Filter>Source Files</Filter>
    </ClCompile>
    <ClCompile Include="Private\GameObject\Transform.cpp">
      <Filter>Source Files</Filter>
    </ClCompile>
    <ClCompile Include="Private\GameTime.cpp">
      <Filter>Source Files</Filter>
    </ClCompile>
    <ClCompile Include="Private\Input.cpp">
      <Filter>Source Files</Filter>
    </ClCompile>
    <ClCompile Include="Private\Rendering\Cubemap.cpp">
      <Filter>Source Files</Filter>
    </ClCompile>
    <ClCompile Include="Private\Rendering\Device.cpp">
      <Filter>Source Files</Filter>
    </ClCompile>
    <ClCompile Include="Private\Rendering\FrameBuffer.cpp">
      <Filter>Source Files</Filter>
    </ClCompile>
    <ClCompile Include="Private\Rendering\IndexBuffer.cpp">
      <Filter>Source Files</Filter>
    </ClCompile>
    <ClCompile Include="Private\Rendering\InstancedArray.cpp">
      <Filter>Source Files</Filter>
    </ClCompile>
    <ClCompile Include="Private\Rendering\Light.cpp">
      <Filter>Source Files</Filter>
    </ClCompile>
    <ClCompile Include="Private\Rendering\LightingSystem.cpp">
      <Filter>Source Files</Filter>
    </ClCompile>
    <ClCompile Include="Private\Rendering\Material.cpp">
      <Filter>Source Files</Filter>
    </ClCompile>
    <ClCompile Include="Private\Rendering\Mesh.cpp">
      <Filter>Source Files</Filter>
    </ClCompile>
    <ClCompile Include="Private\Rendering\MeshComponentRenderSet.cpp">
      <Filter>Source Files</Filter>
    </ClCompile>
    <ClCompile Include="Private\Rendering\MeshRenderer.cpp">
      <Filter>Source Files</Filter>
    </ClCompile>
    <ClCompile Include="Private\Rendering\ModelData.cpp">
      <Filter>Source Files</Filter>
    </ClCompile>
    <ClCompile Include="Private\Rendering\PostProcessingSystem.cpp">
      <Filter>Source Files</Filter>
    </ClCompile>
    <ClCompile Include="Private\Rendering\Primitive.cpp">
      <Filter>Source Files</Filter>
    </ClCompile>
    <ClCompile Include="Private\Rendering\RenderSystem.cpp">
      <Filter>Source Files</Filter>
    </ClCompile>
    <ClCompile Include="Private\Rendering\Shader.cpp">
      <Filter>Source Files</Filter>
    </ClCompile>
    <ClCompile Include="Private\Rendering\ShaderRenderSet.cpp">
      <Filter>Source Files</Filter>
    </ClCompile>
    <ClCompile Include="Private\Rendering\Texture.cpp">
      <Filter>Source Files</Filter>
    </ClCompile>
    <ClCompile Include="Private\Rendering\TextureSettings.cpp">
      <Filter>Source Files</Filter>
    </ClCompile>
    <ClCompile Include="Private\Rendering\UniformBuffer.cpp">
      <Filter>Source Files</Filter>
    </ClCompile>
    <ClCompile Include="Private\Rendering\VertexArray.cpp">
      <Filter>Source Files</Filter>
    </ClCompile>
    <ClCompile Include="Private\Rendering\VertexBuffer.cpp">
      <Filter>Source Files</Filter>
    </ClCompile>
    <ClCompile Include="Private\Rendering\VertexBufferLayout.cpp">
      <Filter>Source Files</Filter>
    </ClCompile>
    <ClCompile Include="Private\ResourceManager.cpp">
      <Filter>Source Files</Filter>
    </ClCompile>
    <ClCompile Include="Private\Resources\MeshResource.cpp">
      <Filter>Source Files</Filter>
    </ClCompile>
    <ClCompile Include="Private\Resources\ShaderResource.cpp">
      <Filter>Source Files</Filter>
    </ClCompile>
    <ClCompile Include="Private\Resources\TextureResource.cpp">
      <Filter>Source Files</Filter>
    </ClCompile>
    <ClCompile Include="Private\Screen.cpp">
      <Filter>Source Files</Filter>
    </ClCompile>
    <ClCompile Include="Private\World.cpp">
      <Filter>Source Files</Filter>
    </ClCompile>
    <ClCompile Include="..\External\glm\detail\glm.cpp">
      <Filter>Source Files</Filter>
    </ClCompile>
    <ClCompile Include="Private\Rendering\OpenGLCore.cpp">
      <Filter>Source Files</Filter>
    </ClCompile>
    <ClCompile Include="..\External\stb_image\stb_image.cpp">
      <Filter>External\stb_image</Filter>
    </ClCompile>
  </ItemGroup>
  <ItemGroup>
    <ClInclude Include="Public\Application.h">
      <Filter>Header Files</Filter>
    </ClInclude>
    <ClInclude Include="Public\Basics\Components\CameraComponent.h">
      <Filter>Header Files</Filter>
    </ClInclude>
    <ClInclude Include="Public\Basics\Components\DirectionalLightComponent.h">
      <Filter>Header Files</Filter>
    </ClInclude>
    <ClInclude Include="Public\Basics\Components\MeshComponent.h">
      <Filter>Header Files</Filter>
    </ClInclude>
    <ClInclude Include="Public\Basics\Components\PilotCameraController.h">
      <Filter>Header Files</Filter>
    </ClInclude>
    <ClInclude Include="Public\Basics\Components\PilotComponent.h">
      <Filter>Header Files</Filter>
    </ClInclude>
    <ClInclude Include="Public\Basics\Components\PointLightComponent.h">
      <Filter>Header Files</Filter>
    </ClInclude>
    <ClInclude Include="Public\Basics\Components\PostProcessingComponent.h">
      <Filter>Header Files</Filter>
    </ClInclude>
    <ClInclude Include="Public\Basics\Components\SkyboxComponent.h">
      <Filter>Header Files</Filter>
    </ClInclude>
    <ClInclude Include="Public\Basics\Components\SpotLightComponent.h">
      <Filter>Header Files</Filter>
    </ClInclude>
    <ClInclude Include="Public\Basics\Objects\Cube.h">
      <Filter>Header Files</Filter>
    </ClInclude>
    <ClInclude Include="Public\Basics\Objects\DirectionalLight.h">
      <Filter>Header Files</Filter>
    </ClInclude>
    <ClInclude Include="Public\Basics\Objects\FlyingCamera.h">
      <Filter>Header Files</Filter>
    </ClInclude>
    <ClInclude Include="Public\Basics\Objects\Model.h">
      <Filter>Header Files</Filter>
    </ClInclude>
    <ClInclude Include="Public\Basics\Objects\PointLight.h">
      <Filter>Header Files</Filter>
    </ClInclude>
    <ClInclude Include="Public\Basics\Objects\PostProcessing.h">
      <Filter>Header Files</Filter>
    </ClInclude>
    <ClInclude Include="Public\Basics\Objects\Quad.h">
      <Filter>Header Files</Filter>
    </ClInclude>
    <ClInclude Include="Public\Basics\Objects\Skybox.h">
      <Filter>Header Files</Filter>
    </ClInclude>
    <ClInclude Include="Public\Basics\Objects\Sphere.h">
      <Filter>Header Files</Filter>
    </ClInclude>
    <ClInclude Include="Public\Basics\Objects\SpotLight.h">
      <Filter>Header Files</Filter>
    </ClInclude>
    <ClInclude Include="Public\GameObject\Component.h">
      <Filter>Header Files</Filter>
    </ClInclude>
    <ClInclude Include="Public\GameObject\GameObject.h">
      <Filter>Header Files</Filter>
    </ClInclude>
    <ClInclude Include="Public\GameObject\Transform.h">
      <Filter>Header Files</Filter>
    </ClInclude>
    <ClInclude Include="Public\GameTime.h">
      <Filter>Header Files</Filter>
    </ClInclude>
    <ClInclude Include="Public\Input.h">
      <Filter>Header Files</Filter>
    </ClInclude>
    <ClInclude Include="Public\Rendering\Cubemap.h">
      <Filter>Header Files</Filter>
    </ClInclude>
    <ClInclude Include="Public\Rendering\Device.h">
      <Filter>Header Files</Filter>
    </ClInclude>
    <ClInclude Include="Public\Rendering\FrameBuffer.h">
      <Filter>Header Files</Filter>
    </ClInclude>
    <ClInclude Include="Public\Rendering\IndexBuffer.h">
      <Filter>Header Files</Filter>
    </ClInclude>
    <ClInclude Include="Public\Rendering\InstancedArray.h">
      <Filter>Header Files</Filter>
    </ClInclude>
    <ClInclude Include="Public\Rendering\Light.h">
      <Filter>Header Files</Filter>
    </ClInclude>
    <ClInclude Include="Public\Rendering\LightingSystem.h">
      <Filter>Header Files</Filter>
    </ClInclude>
    <ClInclude Include="Public\Rendering\Material.h">
      <Filter>Header Files</Filter>
    </ClInclude>
    <ClInclude Include="Public\Rendering\Mesh.h">
      <Filter>Header Files</Filter>
    </ClInclude>
    <ClInclude Include="Public\Rendering\MeshComponentRenderSet.h">
      <Filter>Header Files</Filter>
    </ClInclude>
    <ClInclude Include="Public\Rendering\MeshRenderer.h">
      <Filter>Header Files</Filter>
    </ClInclude>
    <ClInclude Include="Public\Rendering\ModelData.h">
      <Filter>Header Files</Filter>
    </ClInclude>
    <ClInclude Include="Public\Rendering\PostProcessingSystem.h">
      <Filter>Header Files</Filter>
    </ClInclude>
    <ClInclude Include="Public\Rendering\Primitive.h">
      <Filter>Header Files</Filter>
    </ClInclude>
    <ClInclude Include="Public\Rendering\RenderSystem.h">
      <Filter>Header Files</Filter>
    </ClInclude>
    <ClInclude Include="Public\Rendering\Resolution.h">
      <Filter>Header Files</Filter>
    </ClInclude>
    <ClInclude Include="Public\Rendering\Shader.h">
      <Filter>Header Files</Filter>
    </ClInclude>
    <ClInclude Include="Public\Rendering\ShaderRenderSet.h">
      <Filter>Header Files</Filter>
    </ClInclude>
    <ClInclude Include="Public\Rendering\Texture.h">
      <Filter>Header Files</Filter>
    </ClInclude>
    <ClInclude Include="Public\Rendering\TextureSettings.h">
      <Filter>Header Files</Filter>
    </ClInclude>
    <ClInclude Include="Public\Rendering\UniformBuffer.h">
      <Filter>Header Files</Filter>
    </ClInclude>
    <ClInclude Include="Public\Rendering\VertexArray.h">
      <Filter>Header Files</Filter>
    </ClInclude>
    <ClInclude Include="Public\Rendering\VertexBuffer.h">
      <Filter>Header Files</Filter>
    </ClInclude>
    <ClInclude Include="Public\Rendering\VertexBufferLayout.h">
      <Filter>Header Files</Filter>
    </ClInclude>
    <ClInclude Include="Public\ResourceManager.h">
      <Filter>Header Files</Filter>
    </ClInclude>
    <ClInclude Include="Public\Resources\MeshResource.h">
      <Filter>Header Files</Filter>
    </ClInclude>
    <ClInclude Include="Public\Resources\ShaderResource.h">
      <Filter>Header Files</Filter>
    </ClInclude>
    <ClInclude Include="Public\Resources\TextureResource.h">
      <Filter>Header Files</Filter>
    </ClInclude>
    <ClInclude Include="Public\Screen.h">
      <Filter>Header Files</Filter>
    </ClInclude>
    <ClInclude Include="Public\World.h">
      <Filter>Header Files</Filter>
    </ClInclude>
    <ClInclude Include="..\External\glm\common.hpp">
      <Filter>External\glm</Filter>
    </ClInclude>
    <ClInclude Include="..\External\glm\detail\compute_common.hpp">
      <Filter>External\glm</Filter>
    </ClInclude>
    <ClInclude Include="..\External\glm\detail\compute_vector_relational.hpp">
      <Filter>External\glm</Filter>
    </ClInclude>
    <ClInclude Include="..\External\glm\detail\func_common.inl">
      <Filter>External\glm</Filter>
    </ClInclude>
    <ClInclude Include="..\External\glm\detail\func_common_simd.inl">
      <Filter>External\glm</Filter>
    </ClInclude>
    <ClInclude Include="..\External\glm\detail\func_exponential.inl">
      <Filter>External\glm</Filter>
    </ClInclude>
    <ClInclude Include="..\External\glm\detail\func_exponential_simd.inl">
      <Filter>External\glm</Filter>
    </ClInclude>
    <ClInclude Include="..\External\glm\detail\func_geometric.inl">
      <Filter>External\glm</Filter>
    </ClInclude>
    <ClInclude Include="..\External\glm\detail\func_geometric_simd.inl">
      <Filter>External\glm</Filter>
    </ClInclude>
    <ClInclude Include="..\External\glm\detail\func_integer.inl">
      <Filter>External\glm</Filter>
    </ClInclude>
    <ClInclude Include="..\External\glm\detail\func_integer_simd.inl">
      <Filter>External\glm</Filter>
    </ClInclude>
    <ClInclude Include="..\External\glm\detail\func_matrix.inl">
      <Filter>External\glm</Filter>
    </ClInclude>
    <ClInclude Include="..\External\glm\detail\func_matrix_simd.inl">
      <Filter>External\glm</Filter>
    </ClInclude>
    <ClInclude Include="..\External\glm\detail\func_packing.inl">
      <Filter>External\glm</Filter>
    </ClInclude>
    <ClInclude Include="..\External\glm\detail\func_packing_simd.inl">
      <Filter>External\glm</Filter>
    </ClInclude>
    <ClInclude Include="..\External\glm\detail\func_trigonometric.inl">
      <Filter>External\glm</Filter>
    </ClInclude>
    <ClInclude Include="..\External\glm\detail\func_trigonometric_simd.inl">
      <Filter>External\glm</Filter>
    </ClInclude>
    <ClInclude Include="..\External\glm\detail\func_vector_relational.inl">
      <Filter>External\glm</Filter>
    </ClInclude>
    <ClInclude Include="..\External\glm\detail\func_vector_relational_simd.inl">
      <Filter>External\glm</Filter>
    </ClInclude>
    <ClInclude Include="..\External\glm\detail\qualifier.hpp">
      <Filter>External\glm</Filter>
    </ClInclude>
    <ClInclude Include="..\External\glm\detail\setup.hpp">
      <Filter>External\glm</Filter>
    </ClInclude>
    <ClInclude Include="..\External\glm\detail\type_float.hpp">
      <Filter>External\glm</Filter>
    </ClInclude>
    <ClInclude Include="..\External\glm\detail\type_half.hpp">
      <Filter>External\glm</Filter>
    </ClInclude>
    <ClInclude Include="..\External\glm\detail\type_half.inl">
      <Filter>External\glm</Filter>
    </ClInclude>
    <ClInclude Include="..\External\glm\detail\type_mat2x2.hpp">
      <Filter>External\glm</Filter>
    </ClInclude>
    <ClInclude Include="..\External\glm\detail\type_mat2x2.inl">
      <Filter>External\glm</Filter>
    </ClInclude>
    <ClInclude Include="..\External\glm\detail\type_mat2x3.hpp">
      <Filter>External\glm</Filter>
    </ClInclude>
    <ClInclude Include="..\External\glm\detail\type_mat2x3.inl">
      <Filter>External\glm</Filter>
    </ClInclude>
    <ClInclude Include="..\External\glm\detail\type_mat2x4.hpp">
      <Filter>External\glm</Filter>
    </ClInclude>
    <ClInclude Include="..\External\glm\detail\type_mat2x4.inl">
      <Filter>External\glm</Filter>
    </ClInclude>
    <ClInclude Include="..\External\glm\detail\type_mat3x2.hpp">
      <Filter>External\glm</Filter>
    </ClInclude>
    <ClInclude Include="..\External\glm\detail\type_mat3x2.inl">
      <Filter>External\glm</Filter>
    </ClInclude>
    <ClInclude Include="..\External\glm\detail\type_mat3x3.hpp">
      <Filter>External\glm</Filter>
    </ClInclude>
    <ClInclude Include="..\External\glm\detail\type_mat3x3.inl">
      <Filter>External\glm</Filter>
    </ClInclude>
    <ClInclude Include="..\External\glm\detail\type_mat3x4.hpp">
      <Filter>External\glm</Filter>
    </ClInclude>
    <ClInclude Include="..\External\glm\detail\type_mat3x4.inl">
      <Filter>External\glm</Filter>
    </ClInclude>
    <ClInclude Include="..\External\glm\detail\type_mat4x2.hpp">
      <Filter>External\glm</Filter>
    </ClInclude>
    <ClInclude Include="..\External\glm\detail\type_mat4x2.inl">
      <Filter>External\glm</Filter>
    </ClInclude>
    <ClInclude Include="..\External\glm\detail\type_mat4x3.hpp">
      <Filter>External\glm</Filter>
    </ClInclude>
    <ClInclude Include="..\External\glm\detail\type_mat4x3.inl">
      <Filter>External\glm</Filter>
    </ClInclude>
    <ClInclude Include="..\External\glm\detail\type_mat4x4.hpp">
      <Filter>External\glm</Filter>
    </ClInclude>
    <ClInclude Include="..\External\glm\detail\type_mat4x4.inl">
      <Filter>External\glm</Filter>
    </ClInclude>
    <ClInclude Include="..\External\glm\detail\type_mat4x4_simd.inl">
      <Filter>External\glm</Filter>
    </ClInclude>
    <ClInclude Include="..\External\glm\detail\type_quat.hpp">
      <Filter>External\glm</Filter>
    </ClInclude>
    <ClInclude Include="..\External\glm\detail\type_quat.inl">
      <Filter>External\glm</Filter>
    </ClInclude>
    <ClInclude Include="..\External\glm\detail\type_quat_simd.inl">
      <Filter>External\glm</Filter>
    </ClInclude>
    <ClInclude Include="..\External\glm\detail\type_vec1.hpp">
      <Filter>External\glm</Filter>
    </ClInclude>
    <ClInclude Include="..\External\glm\detail\type_vec1.inl">
      <Filter>External\glm</Filter>
    </ClInclude>
    <ClInclude Include="..\External\glm\detail\type_vec2.hpp">
      <Filter>External\glm</Filter>
    </ClInclude>
    <ClInclude Include="..\External\glm\detail\type_vec2.inl">
      <Filter>External\glm</Filter>
    </ClInclude>
    <ClInclude Include="..\External\glm\detail\type_vec3.hpp">
      <Filter>External\glm</Filter>
    </ClInclude>
    <ClInclude Include="..\External\glm\detail\type_vec3.inl">
      <Filter>External\glm</Filter>
    </ClInclude>
    <ClInclude Include="..\External\glm\detail\type_vec4.hpp">
      <Filter>External\glm</Filter>
    </ClInclude>
    <ClInclude Include="..\External\glm\detail\type_vec4.inl">
      <Filter>External\glm</Filter>
    </ClInclude>
    <ClInclude Include="..\External\glm\detail\type_vec4_simd.inl">
      <Filter>External\glm</Filter>
    </ClInclude>
    <ClInclude Include="..\External\glm\detail\_features.hpp">
      <Filter>External\glm</Filter>
    </ClInclude>
    <ClInclude Include="..\External\glm\detail\_fixes.hpp">
      <Filter>External\glm</Filter>
    </ClInclude>
    <ClInclude Include="..\External\glm\detail\_swizzle.hpp">
      <Filter>External\glm</Filter>
    </ClInclude>
    <ClInclude Include="..\External\glm\detail\_swizzle_func.hpp">
      <Filter>External\glm</Filter>
    </ClInclude>
    <ClInclude Include="..\External\glm\detail\_vectorize.hpp">
      <Filter>External\glm</Filter>
    </ClInclude>
    <ClInclude Include="..\External\glm\exponential.hpp">
      <Filter>External\glm</Filter>
    </ClInclude>
    <ClInclude Include="..\External\glm\ext.hpp">
      <Filter>External\glm</Filter>
    </ClInclude>
    <ClInclude Include="..\External\glm\ext\matrix_clip_space.hpp">
      <Filter>External\glm</Filter>
    </ClInclude>
    <ClInclude Include="..\External\glm\ext\matrix_clip_space.inl">
      <Filter>External\glm</Filter>
    </ClInclude>
    <ClInclude Include="..\External\glm\ext\matrix_common.hpp">
      <Filter>External\glm</Filter>
    </ClInclude>
    <ClInclude Include="..\External\glm\ext\matrix_common.inl">
      <Filter>External\glm</Filter>
    </ClInclude>
    <ClInclude Include="..\External\glm\ext\matrix_double2x2.hpp">
      <Filter>External\glm</Filter>
    </ClInclude>
    <ClInclude Include="..\External\glm\ext\matrix_double2x2_precision.hpp">
      <Filter>External\glm</Filter>
    </ClInclude>
    <ClInclude Include="..\External\glm\ext\matrix_double2x3.hpp">
      <Filter>External\glm</Filter>
    </ClInclude>
    <ClInclude Include="..\External\glm\ext\matrix_double2x3_precision.hpp">
      <Filter>External\glm</Filter>
    </ClInclude>
    <ClInclude Include="..\External\glm\ext\matrix_double2x4.hpp">
      <Filter>External\glm</Filter>
    </ClInclude>
    <ClInclude Include="..\External\glm\ext\matrix_double2x4_precision.hpp">
      <Filter>External\glm</Filter>
    </ClInclude>
    <ClInclude Include="..\External\glm\ext\matrix_double3x2.hpp">
      <Filter>External\glm</Filter>
    </ClInclude>
    <ClInclude Include="..\External\glm\ext\matrix_double3x2_precision.hpp">
      <Filter>External\glm</Filter>
    </ClInclude>
    <ClInclude Include="..\External\glm\ext\matrix_double3x3.hpp">
      <Filter>External\glm</Filter>
    </ClInclude>
    <ClInclude Include="..\External\glm\ext\matrix_double3x3_precision.hpp">
      <Filter>External\glm</Filter>
    </ClInclude>
    <ClInclude Include="..\External\glm\ext\matrix_double3x4.hpp">
      <Filter>External\glm</Filter>
    </ClInclude>
    <ClInclude Include="..\External\glm\ext\matrix_double3x4_precision.hpp">
      <Filter>External\glm</Filter>
    </ClInclude>
    <ClInclude Include="..\External\glm\ext\matrix_double4x2.hpp">
      <Filter>External\glm</Filter>
    </ClInclude>
    <ClInclude Include="..\External\glm\ext\matrix_double4x2_precision.hpp">
      <Filter>External\glm</Filter>
    </ClInclude>
    <ClInclude Include="..\External\glm\ext\matrix_double4x3.hpp">
      <Filter>External\glm</Filter>
    </ClInclude>
    <ClInclude Include="..\External\glm\ext\matrix_double4x3_precision.hpp">
      <Filter>External\glm</Filter>
    </ClInclude>
    <ClInclude Include="..\External\glm\ext\matrix_double4x4.hpp">
      <Filter>External\glm</Filter>
    </ClInclude>
    <ClInclude Include="..\External\glm\ext\matrix_double4x4_precision.hpp">
      <Filter>External\glm</Filter>
    </ClInclude>
    <ClInclude Include="..\External\glm\ext\matrix_float2x2.hpp">
      <Filter>External\glm</Filter>
    </ClInclude>
    <ClInclude Include="..\External\glm\ext\matrix_float2x2_precision.hpp">
      <Filter>External\glm</Filter>
    </ClInclude>
    <ClInclude Include="..\External\glm\ext\matrix_float2x3.hpp">
      <Filter>External\glm</Filter>
    </ClInclude>
    <ClInclude Include="..\External\glm\ext\matrix_float2x3_precision.hpp">
      <Filter>External\glm</Filter>
    </ClInclude>
    <ClInclude Include="..\External\glm\ext\matrix_float2x4.hpp">
      <Filter>External\glm</Filter>
    </ClInclude>
    <ClInclude Include="..\External\glm\ext\matrix_float2x4_precision.hpp">
      <Filter>External\glm</Filter>
    </ClInclude>
    <ClInclude Include="..\External\glm\ext\matrix_float3x2.hpp">
      <Filter>External\glm</Filter>
    </ClInclude>
    <ClInclude Include="..\External\glm\ext\matrix_float3x2_precision.hpp">
      <Filter>External\glm</Filter>
    </ClInclude>
    <ClInclude Include="..\External\glm\ext\matrix_float3x3.hpp">
      <Filter>External\glm</Filter>
    </ClInclude>
    <ClInclude Include="..\External\glm\ext\matrix_float3x3_precision.hpp">
      <Filter>External\glm</Filter>
    </ClInclude>
    <ClInclude Include="..\External\glm\ext\matrix_float3x4.hpp">
      <Filter>External\glm</Filter>
    </ClInclude>
    <ClInclude Include="..\External\glm\ext\matrix_float3x4_precision.hpp">
      <Filter>External\glm</Filter>
    </ClInclude>
    <ClInclude Include="..\External\glm\ext\matrix_float4x2.hpp">
      <Filter>External\glm</Filter>
    </ClInclude>
    <ClInclude Include="..\External\glm\ext\matrix_float4x2_precision.hpp">
      <Filter>External\glm</Filter>
    </ClInclude>
    <ClInclude Include="..\External\glm\ext\matrix_float4x3.hpp">
      <Filter>External\glm</Filter>
    </ClInclude>
    <ClInclude Include="..\External\glm\ext\matrix_float4x3_precision.hpp">
      <Filter>External\glm</Filter>
    </ClInclude>
    <ClInclude Include="..\External\glm\ext\matrix_float4x4.hpp">
      <Filter>External\glm</Filter>
    </ClInclude>
    <ClInclude Include="..\External\glm\ext\matrix_float4x4_precision.hpp">
      <Filter>External\glm</Filter>
    </ClInclude>
    <ClInclude Include="..\External\glm\ext\matrix_int2x2.hpp">
      <Filter>External\glm</Filter>
    </ClInclude>
    <ClInclude Include="..\External\glm\ext\matrix_int2x2_sized.hpp">
      <Filter>External\glm</Filter>
    </ClInclude>
    <ClInclude Include="..\External\glm\ext\matrix_int2x3.hpp">
      <Filter>External\glm</Filter>
    </ClInclude>
    <ClInclude Include="..\External\glm\ext\matrix_int2x3_sized.hpp">
      <Filter>External\glm</Filter>
    </ClInclude>
    <ClInclude Include="..\External\glm\ext\matrix_int2x4.hpp">
      <Filter>External\glm</Filter>
    </ClInclude>
    <ClInclude Include="..\External\glm\ext\matrix_int2x4_sized.hpp">
      <Filter>External\glm</Filter>
    </ClInclude>
    <ClInclude Include="..\External\glm\ext\matrix_int3x2.hpp">
      <Filter>External\glm</Filter>
    </ClInclude>
    <ClInclude Include="..\External\glm\ext\matrix_int3x2_sized.hpp">
      <Filter>External\glm</Filter>
    </ClInclude>
    <ClInclude Include="..\External\glm\ext\matrix_int3x3.hpp">
      <Filter>External\glm</Filter>
    </ClInclude>
    <ClInclude Include="..\External\glm\ext\matrix_int3x3_sized.hpp">
      <Filter>External\glm</Filter>
    </ClInclude>
    <ClInclude Include="..\External\glm\ext\matrix_int3x4.hpp">
      <Filter>External\glm</Filter>
    </ClInclude>
    <ClInclude Include="..\External\glm\ext\matrix_int3x4_sized.hpp">
      <Filter>External\glm</Filter>
    </ClInclude>
    <ClInclude Include="..\External\glm\ext\matrix_int4x2.hpp">
      <Filter>External\glm</Filter>
    </ClInclude>
    <ClInclude Include="..\External\glm\ext\matrix_int4x2_sized.hpp">
      <Filter>External\glm</Filter>
    </ClInclude>
    <ClInclude Include="..\External\glm\ext\matrix_int4x3.hpp">
      <Filter>External\glm</Filter>
    </ClInclude>
    <ClInclude Include="..\External\glm\ext\matrix_int4x3_sized.hpp">
      <Filter>External\glm</Filter>
    </ClInclude>
    <ClInclude Include="..\External\glm\ext\matrix_int4x4.hpp">
      <Filter>External\glm</Filter>
    </ClInclude>
    <ClInclude Include="..\External\glm\ext\matrix_int4x4_sized.hpp">
      <Filter>External\glm</Filter>
    </ClInclude>
    <ClInclude Include="..\External\glm\ext\matrix_integer.hpp">
      <Filter>External\glm</Filter>
    </ClInclude>
    <ClInclude Include="..\External\glm\ext\matrix_integer.inl">
      <Filter>External\glm</Filter>
    </ClInclude>
    <ClInclude Include="..\External\glm\ext\matrix_projection.hpp">
      <Filter>External\glm</Filter>
    </ClInclude>
    <ClInclude Include="..\External\glm\ext\matrix_projection.inl">
      <Filter>External\glm</Filter>
    </ClInclude>
    <ClInclude Include="..\External\glm\ext\matrix_relational.hpp">
      <Filter>External\glm</Filter>
    </ClInclude>
    <ClInclude Include="..\External\glm\ext\matrix_relational.inl">
      <Filter>External\glm</Filter>
    </ClInclude>
    <ClInclude Include="..\External\glm\ext\matrix_transform.hpp">
      <Filter>External\glm</Filter>
    </ClInclude>
    <ClInclude Include="..\External\glm\ext\matrix_transform.inl">
      <Filter>External\glm</Filter>
    </ClInclude>
    <ClInclude Include="..\External\glm\ext\matrix_uint2x2.hpp">
      <Filter>External\glm</Filter>
    </ClInclude>
    <ClInclude Include="..\External\glm\ext\matrix_uint2x2_sized.hpp">
      <Filter>External\glm</Filter>
    </ClInclude>
    <ClInclude Include="..\External\glm\ext\matrix_uint2x3.hpp">
      <Filter>External\glm</Filter>
    </ClInclude>
    <ClInclude Include="..\External\glm\ext\matrix_uint2x3_sized.hpp">
      <Filter>External\glm</Filter>
    </ClInclude>
    <ClInclude Include="..\External\glm\ext\matrix_uint2x4.hpp">
      <Filter>External\glm</Filter>
    </ClInclude>
    <ClInclude Include="..\External\glm\ext\matrix_uint2x4_sized.hpp">
      <Filter>External\glm</Filter>
    </ClInclude>
    <ClInclude Include="..\External\glm\ext\matrix_uint3x2.hpp">
      <Filter>External\glm</Filter>
    </ClInclude>
    <ClInclude Include="..\External\glm\ext\matrix_uint3x2_sized.hpp">
      <Filter>External\glm</Filter>
    </ClInclude>
    <ClInclude Include="..\External\glm\ext\matrix_uint3x3.hpp">
      <Filter>External\glm</Filter>
    </ClInclude>
    <ClInclude Include="..\External\glm\ext\matrix_uint3x3_sized.hpp">
      <Filter>External\glm</Filter>
    </ClInclude>
    <ClInclude Include="..\External\glm\ext\matrix_uint3x4.hpp">
      <Filter>External\glm</Filter>
    </ClInclude>
    <ClInclude Include="..\External\glm\ext\matrix_uint3x4_sized.hpp">
      <Filter>External\glm</Filter>
    </ClInclude>
    <ClInclude Include="..\External\glm\ext\matrix_uint4x2.hpp">
      <Filter>External\glm</Filter>
    </ClInclude>
    <ClInclude Include="..\External\glm\ext\matrix_uint4x2_sized.hpp">
      <Filter>External\glm</Filter>
    </ClInclude>
    <ClInclude Include="..\External\glm\ext\matrix_uint4x3.hpp">
      <Filter>External\glm</Filter>
    </ClInclude>
    <ClInclude Include="..\External\glm\ext\matrix_uint4x3_sized.hpp">
      <Filter>External\glm</Filter>
    </ClInclude>
    <ClInclude Include="..\External\glm\ext\matrix_uint4x4.hpp">
      <Filter>External\glm</Filter>
    </ClInclude>
    <ClInclude Include="..\External\glm\ext\matrix_uint4x4_sized.hpp">
      <Filter>External\glm</Filter>
    </ClInclude>
    <ClInclude Include="..\External\glm\ext\quaternion_common.hpp">
      <Filter>External\glm</Filter>
    </ClInclude>
    <ClInclude Include="..\External\glm\ext\quaternion_common.inl">
      <Filter>External\glm</Filter>
    </ClInclude>
    <ClInclude Include="..\External\glm\ext\quaternion_common_simd.inl">
      <Filter>External\glm</Filter>
    </ClInclude>
    <ClInclude Include="..\External\glm\ext\quaternion_double.hpp">
      <Filter>External\glm</Filter>
    </ClInclude>
    <ClInclude Include="..\External\glm\ext\quaternion_double_precision.hpp">
      <Filter>External\glm</Filter>
    </ClInclude>
    <ClInclude Include="..\External\glm\ext\quaternion_exponential.hpp">
      <Filter>External\glm</Filter>
    </ClInclude>
    <ClInclude Include="..\External\glm\ext\quaternion_exponential.inl">
      <Filter>External\glm</Filter>
    </ClInclude>
    <ClInclude Include="..\External\glm\ext\quaternion_float.hpp">
      <Filter>External\glm</Filter>
    </ClInclude>
    <ClInclude Include="..\External\glm\ext\quaternion_float_precision.hpp">
      <Filter>External\glm</Filter>
    </ClInclude>
    <ClInclude Include="..\External\glm\ext\quaternion_geometric.hpp">
      <Filter>External\glm</Filter>
    </ClInclude>
    <ClInclude Include="..\External\glm\ext\quaternion_geometric.inl">
      <Filter>External\glm</Filter>
    </ClInclude>
    <ClInclude Include="..\External\glm\ext\quaternion_relational.hpp">
      <Filter>External\glm</Filter>
    </ClInclude>
    <ClInclude Include="..\External\glm\ext\quaternion_relational.inl">
      <Filter>External\glm</Filter>
    </ClInclude>
    <ClInclude Include="..\External\glm\ext\quaternion_transform.hpp">
      <Filter>External\glm</Filter>
    </ClInclude>
    <ClInclude Include="..\External\glm\ext\quaternion_transform.inl">
      <Filter>External\glm</Filter>
    </ClInclude>
    <ClInclude Include="..\External\glm\ext\quaternion_trigonometric.hpp">
      <Filter>External\glm</Filter>
    </ClInclude>
    <ClInclude Include="..\External\glm\ext\quaternion_trigonometric.inl">
      <Filter>External\glm</Filter>
    </ClInclude>
    <ClInclude Include="..\External\glm\ext\scalar_common.hpp">
      <Filter>External\glm</Filter>
    </ClInclude>
    <ClInclude Include="..\External\glm\ext\scalar_common.inl">
      <Filter>External\glm</Filter>
    </ClInclude>
    <ClInclude Include="..\External\glm\ext\scalar_constants.hpp">
      <Filter>External\glm</Filter>
    </ClInclude>
    <ClInclude Include="..\External\glm\ext\scalar_constants.inl">
      <Filter>External\glm</Filter>
    </ClInclude>
    <ClInclude Include="..\External\glm\ext\scalar_integer.hpp">
      <Filter>External\glm</Filter>
    </ClInclude>
    <ClInclude Include="..\External\glm\ext\scalar_integer.inl">
      <Filter>External\glm</Filter>
    </ClInclude>
    <ClInclude Include="..\External\glm\ext\scalar_int_sized.hpp">
      <Filter>External\glm</Filter>
    </ClInclude>
    <ClInclude Include="..\External\glm\ext\scalar_packing.hpp">
      <Filter>External\glm</Filter>
    </ClInclude>
    <ClInclude Include="..\External\glm\ext\scalar_packing.inl">
      <Filter>External\glm</Filter>
    </ClInclude>
    <ClInclude Include="..\External\glm\ext\scalar_reciprocal.hpp">
      <Filter>External\glm</Filter>
    </ClInclude>
    <ClInclude Include="..\External\glm\ext\scalar_reciprocal.inl">
      <Filter>External\glm</Filter>
    </ClInclude>
    <ClInclude Include="..\External\glm\ext\scalar_relational.hpp">
      <Filter>External\glm</Filter>
    </ClInclude>
    <ClInclude Include="..\External\glm\ext\scalar_relational.inl">
      <Filter>External\glm</Filter>
    </ClInclude>
    <ClInclude Include="..\External\glm\ext\scalar_uint_sized.hpp">
      <Filter>External\glm</Filter>
    </ClInclude>
    <ClInclude Include="..\External\glm\ext\scalar_ulp.hpp">
      <Filter>External\glm</Filter>
    </ClInclude>
    <ClInclude Include="..\External\glm\ext\scalar_ulp.inl">
      <Filter>External\glm</Filter>
    </ClInclude>
    <ClInclude Include="..\External\glm\ext\vector_bool1.hpp">
      <Filter>External\glm</Filter>
    </ClInclude>
    <ClInclude Include="..\External\glm\ext\vector_bool1_precision.hpp">
      <Filter>External\glm</Filter>
    </ClInclude>
    <ClInclude Include="..\External\glm\ext\vector_bool2.hpp">
      <Filter>External\glm</Filter>
    </ClInclude>
    <ClInclude Include="..\External\glm\ext\vector_bool2_precision.hpp">
      <Filter>External\glm</Filter>
    </ClInclude>
    <ClInclude Include="..\External\glm\ext\vector_bool3.hpp">
      <Filter>External\glm</Filter>
    </ClInclude>
    <ClInclude Include="..\External\glm\ext\vector_bool3_precision.hpp">
      <Filter>External\glm</Filter>
    </ClInclude>
    <ClInclude Include="..\External\glm\ext\vector_bool4.hpp">
      <Filter>External\glm</Filter>
    </ClInclude>
    <ClInclude Include="..\External\glm\ext\vector_bool4_precision.hpp">
      <Filter>External\glm</Filter>
    </ClInclude>
    <ClInclude Include="..\External\glm\ext\vector_common.hpp">
      <Filter>External\glm</Filter>
    </ClInclude>
    <ClInclude Include="..\External\glm\ext\vector_common.inl">
      <Filter>External\glm</Filter>
    </ClInclude>
    <ClInclude Include="..\External\glm\ext\vector_double1.hpp">
      <Filter>External\glm</Filter>
    </ClInclude>
    <ClInclude Include="..\External\glm\ext\vector_double1_precision.hpp">
      <Filter>External\glm</Filter>
    </ClInclude>
    <ClInclude Include="..\External\glm\ext\vector_double2.hpp">
      <Filter>External\glm</Filter>
    </ClInclude>
    <ClInclude Include="..\External\glm\ext\vector_double2_precision.hpp">
      <Filter>External\glm</Filter>
    </ClInclude>
    <ClInclude Include="..\External\glm\ext\vector_double3.hpp">
      <Filter>External\glm</Filter>
    </ClInclude>
    <ClInclude Include="..\External\glm\ext\vector_double3_precision.hpp">
      <Filter>External\glm</Filter>
    </ClInclude>
    <ClInclude Include="..\External\glm\ext\vector_double4.hpp">
      <Filter>External\glm</Filter>
    </ClInclude>
    <ClInclude Include="..\External\glm\ext\vector_double4_precision.hpp">
      <Filter>External\glm</Filter>
    </ClInclude>
    <ClInclude Include="..\External\glm\ext\vector_float1.hpp">
      <Filter>External\glm</Filter>
    </ClInclude>
    <ClInclude Include="..\External\glm\ext\vector_float1_precision.hpp">
      <Filter>External\glm</Filter>
    </ClInclude>
    <ClInclude Include="..\External\glm\ext\vector_float2.hpp">
      <Filter>External\glm</Filter>
    </ClInclude>
    <ClInclude Include="..\External\glm\ext\vector_float2_precision.hpp">
      <Filter>External\glm</Filter>
    </ClInclude>
    <ClInclude Include="..\External\glm\ext\vector_float3.hpp">
      <Filter>External\glm</Filter>
    </ClInclude>
    <ClInclude Include="..\External\glm\ext\vector_float3_precision.hpp">
      <Filter>External\glm</Filter>
    </ClInclude>
    <ClInclude Include="..\External\glm\ext\vector_float4.hpp">
      <Filter>External\glm</Filter>
    </ClInclude>
    <ClInclude Include="..\External\glm\ext\vector_float4_precision.hpp">
      <Filter>External\glm</Filter>
    </ClInclude>
    <ClInclude Include="..\External\glm\ext\vector_int1.hpp">
      <Filter>External\glm</Filter>
    </ClInclude>
    <ClInclude Include="..\External\glm\ext\vector_int1_sized.hpp">
      <Filter>External\glm</Filter>
    </ClInclude>
    <ClInclude Include="..\External\glm\ext\vector_int2.hpp">
      <Filter>External\glm</Filter>
    </ClInclude>
    <ClInclude Include="..\External\glm\ext\vector_int2_sized.hpp">
      <Filter>External\glm</Filter>
    </ClInclude>
    <ClInclude Include="..\External\glm\ext\vector_int3.hpp">
      <Filter>External\glm</Filter>
    </ClInclude>
    <ClInclude Include="..\External\glm\ext\vector_int3_sized.hpp">
      <Filter>External\glm</Filter>
    </ClInclude>
    <ClInclude Include="..\External\glm\ext\vector_int4.hpp">
      <Filter>External\glm</Filter>
    </ClInclude>
    <ClInclude Include="..\External\glm\ext\vector_int4_sized.hpp">
      <Filter>External\glm</Filter>
    </ClInclude>
    <ClInclude Include="..\External\glm\ext\vector_integer.hpp">
      <Filter>External\glm</Filter>
    </ClInclude>
    <ClInclude Include="..\External\glm\ext\vector_integer.inl">
      <Filter>External\glm</Filter>
    </ClInclude>
    <ClInclude Include="..\External\glm\ext\vector_packing.hpp">
      <Filter>External\glm</Filter>
    </ClInclude>
    <ClInclude Include="..\External\glm\ext\vector_packing.inl">
      <Filter>External\glm</Filter>
    </ClInclude>
    <ClInclude Include="..\External\glm\ext\vector_reciprocal.hpp">
      <Filter>External\glm</Filter>
    </ClInclude>
    <ClInclude Include="..\External\glm\ext\vector_reciprocal.inl">
      <Filter>External\glm</Filter>
    </ClInclude>
    <ClInclude Include="..\External\glm\ext\vector_relational.hpp">
      <Filter>External\glm</Filter>
    </ClInclude>
    <ClInclude Include="..\External\glm\ext\vector_relational.inl">
      <Filter>External\glm</Filter>
    </ClInclude>
    <ClInclude Include="..\External\glm\ext\vector_uint1.hpp">
      <Filter>External\glm</Filter>
    </ClInclude>
    <ClInclude Include="..\External\glm\ext\vector_uint1_sized.hpp">
      <Filter>External\glm</Filter>
    </ClInclude>
    <ClInclude Include="..\External\glm\ext\vector_uint2.hpp">
      <Filter>External\glm</Filter>
    </ClInclude>
    <ClInclude Include="..\External\glm\ext\vector_uint2_sized.hpp">
      <Filter>External\glm</Filter>
    </ClInclude>
    <ClInclude Include="..\External\glm\ext\vector_uint3.hpp">
      <Filter>External\glm</Filter>
    </ClInclude>
    <ClInclude Include="..\External\glm\ext\vector_uint3_sized.hpp">
      <Filter>External\glm</Filter>
    </ClInclude>
    <ClInclude Include="..\External\glm\ext\vector_uint4.hpp">
      <Filter>External\glm</Filter>
    </ClInclude>
    <ClInclude Include="..\External\glm\ext\vector_uint4_sized.hpp">
      <Filter>External\glm</Filter>
    </ClInclude>
    <ClInclude Include="..\External\glm\ext\vector_ulp.hpp">
      <Filter>External\glm</Filter>
    </ClInclude>
    <ClInclude Include="..\External\glm\ext\vector_ulp.inl">
      <Filter>External\glm</Filter>
    </ClInclude>
    <ClInclude Include="..\External\glm\ext\_matrix_vectorize.hpp">
      <Filter>External\glm</Filter>
    </ClInclude>
    <ClInclude Include="..\External\glm\fwd.hpp">
      <Filter>External\glm</Filter>
    </ClInclude>
    <ClInclude Include="..\External\glm\geometric.hpp">
      <Filter>External\glm</Filter>
    </ClInclude>
    <ClInclude Include="..\External\glm\glm.hpp">
      <Filter>External\glm</Filter>
    </ClInclude>
    <ClInclude Include="..\External\glm\gtc\bitfield.hpp">
      <Filter>External\glm</Filter>
    </ClInclude>
    <ClInclude Include="..\External\glm\gtc\bitfield.inl">
      <Filter>External\glm</Filter>
    </ClInclude>
    <ClInclude Include="..\External\glm\gtc\color_space.hpp">
      <Filter>External\glm</Filter>
    </ClInclude>
    <ClInclude Include="..\External\glm\gtc\color_space.inl">
      <Filter>External\glm</Filter>
    </ClInclude>
    <ClInclude Include="..\External\glm\gtc\constants.hpp">
      <Filter>External\glm</Filter>
    </ClInclude>
    <ClInclude Include="..\External\glm\gtc\constants.inl">
      <Filter>External\glm</Filter>
    </ClInclude>
    <ClInclude Include="..\External\glm\gtc\epsilon.hpp">
      <Filter>External\glm</Filter>
    </ClInclude>
    <ClInclude Include="..\External\glm\gtc\epsilon.inl">
      <Filter>External\glm</Filter>
    </ClInclude>
    <ClInclude Include="..\External\glm\gtc\integer.hpp">
      <Filter>External\glm</Filter>
    </ClInclude>
    <ClInclude Include="..\External\glm\gtc\integer.inl">
      <Filter>External\glm</Filter>
    </ClInclude>
    <ClInclude Include="..\External\glm\gtc\matrix_access.hpp">
      <Filter>External\glm</Filter>
    </ClInclude>
    <ClInclude Include="..\External\glm\gtc\matrix_access.inl">
      <Filter>External\glm</Filter>
    </ClInclude>
    <ClInclude Include="..\External\glm\gtc\matrix_integer.hpp">
      <Filter>External\glm</Filter>
    </ClInclude>
    <ClInclude Include="..\External\glm\gtc\matrix_inverse.hpp">
      <Filter>External\glm</Filter>
    </ClInclude>
    <ClInclude Include="..\External\glm\gtc\matrix_inverse.inl">
      <Filter>External\glm</Filter>
    </ClInclude>
    <ClInclude Include="..\External\glm\gtc\matrix_transform.hpp">
      <Filter>External\glm</Filter>
    </ClInclude>
    <ClInclude Include="..\External\glm\gtc\matrix_transform.inl">
      <Filter>External\glm</Filter>
    </ClInclude>
    <ClInclude Include="..\External\glm\gtc\noise.hpp">
      <Filter>External\glm</Filter>
    </ClInclude>
    <ClInclude Include="..\External\glm\gtc\noise.inl">
      <Filter>External\glm</Filter>
    </ClInclude>
    <ClInclude Include="..\External\glm\gtc\packing.hpp">
      <Filter>External\glm</Filter>
    </ClInclude>
    <ClInclude Include="..\External\glm\gtc\packing.inl">
      <Filter>External\glm</Filter>
    </ClInclude>
    <ClInclude Include="..\External\glm\gtc\quaternion.hpp">
      <Filter>External\glm</Filter>
    </ClInclude>
    <ClInclude Include="..\External\glm\gtc\quaternion.inl">
      <Filter>External\glm</Filter>
    </ClInclude>
    <ClInclude Include="..\External\glm\gtc\quaternion_simd.inl">
      <Filter>External\glm</Filter>
    </ClInclude>
    <ClInclude Include="..\External\glm\gtc\random.hpp">
      <Filter>External\glm</Filter>
    </ClInclude>
    <ClInclude Include="..\External\glm\gtc\random.inl">
      <Filter>External\glm</Filter>
    </ClInclude>
    <ClInclude Include="..\External\glm\gtc\reciprocal.hpp">
      <Filter>External\glm</Filter>
    </ClInclude>
    <ClInclude Include="..\External\glm\gtc\round.hpp">
      <Filter>External\glm</Filter>
    </ClInclude>
    <ClInclude Include="..\External\glm\gtc\round.inl">
      <Filter>External\glm</Filter>
    </ClInclude>
    <ClInclude Include="..\External\glm\gtc\type_aligned.hpp">
      <Filter>External\glm</Filter>
    </ClInclude>
    <ClInclude Include="..\External\glm\gtc\type_precision.hpp">
      <Filter>External\glm</Filter>
    </ClInclude>
    <ClInclude Include="..\External\glm\gtc\type_precision.inl">
      <Filter>External\glm</Filter>
    </ClInclude>
    <ClInclude Include="..\External\glm\gtc\type_ptr.hpp">
      <Filter>External\glm</Filter>
    </ClInclude>
    <ClInclude Include="..\External\glm\gtc\type_ptr.inl">
      <Filter>External\glm</Filter>
    </ClInclude>
    <ClInclude Include="..\External\glm\gtc\ulp.hpp">
      <Filter>External\glm</Filter>
    </ClInclude>
    <ClInclude Include="..\External\glm\gtc\ulp.inl">
      <Filter>External\glm</Filter>
    </ClInclude>
    <ClInclude Include="..\External\glm\gtc\vec1.hpp">
      <Filter>External\glm</Filter>
    </ClInclude>
    <ClInclude Include="..\External\glm\gtx\associated_min_max.hpp">
      <Filter>External\glm</Filter>
    </ClInclude>
    <ClInclude Include="..\External\glm\gtx\associated_min_max.inl">
      <Filter>External\glm</Filter>
    </ClInclude>
    <ClInclude Include="..\External\glm\gtx\bit.hpp">
      <Filter>External\glm</Filter>
    </ClInclude>
    <ClInclude Include="..\External\glm\gtx\bit.inl">
      <Filter>External\glm</Filter>
    </ClInclude>
    <ClInclude Include="..\External\glm\gtx\closest_point.hpp">
      <Filter>External\glm</Filter>
    </ClInclude>
    <ClInclude Include="..\External\glm\gtx\closest_point.inl">
      <Filter>External\glm</Filter>
    </ClInclude>
    <ClInclude Include="..\External\glm\gtx\color_encoding.hpp">
      <Filter>External\glm</Filter>
    </ClInclude>
    <ClInclude Include="..\External\glm\gtx\color_encoding.inl">
      <Filter>External\glm</Filter>
    </ClInclude>
    <ClInclude Include="..\External\glm\gtx\color_space.hpp">
      <Filter>External\glm</Filter>
    </ClInclude>
    <ClInclude Include="..\External\glm\gtx\color_space.inl">
      <Filter>External\glm</Filter>
    </ClInclude>
    <ClInclude Include="..\External\glm\gtx\color_space_YCoCg.hpp">
      <Filter>External\glm</Filter>
    </ClInclude>
    <ClInclude Include="..\External\glm\gtx\color_space_YCoCg.inl">
      <Filter>External\glm</Filter>
    </ClInclude>
    <ClInclude Include="..\External\glm\gtx\common.hpp">
      <Filter>External\glm</Filter>
    </ClInclude>
    <ClInclude Include="..\External\glm\gtx\common.inl">
      <Filter>External\glm</Filter>
    </ClInclude>
    <ClInclude Include="..\External\glm\gtx\compatibility.hpp">
      <Filter>External\glm</Filter>
    </ClInclude>
    <ClInclude Include="..\External\glm\gtx\compatibility.inl">
      <Filter>External\glm</Filter>
    </ClInclude>
    <ClInclude Include="..\External\glm\gtx\component_wise.hpp">
      <Filter>External\glm</Filter>
    </ClInclude>
    <ClInclude Include="..\External\glm\gtx\component_wise.inl">
      <Filter>External\glm</Filter>
    </ClInclude>
    <ClInclude Include="..\External\glm\gtx\dual_quaternion.hpp">
      <Filter>External\glm</Filter>
    </ClInclude>
    <ClInclude Include="..\External\glm\gtx\dual_quaternion.inl">
      <Filter>External\glm</Filter>
    </ClInclude>
    <ClInclude Include="..\External\glm\gtx\easing.hpp">
      <Filter>External\glm</Filter>
    </ClInclude>
    <ClInclude Include="..\External\glm\gtx\easing.inl">
      <Filter>External\glm</Filter>
    </ClInclude>
    <ClInclude Include="..\External\glm\gtx\euler_angles.hpp">
      <Filter>External\glm</Filter>
    </ClInclude>
    <ClInclude Include="..\External\glm\gtx\euler_angles.inl">
      <Filter>External\glm</Filter>
    </ClInclude>
    <ClInclude Include="..\External\glm\gtx\extend.hpp">
      <Filter>External\glm</Filter>
    </ClInclude>
    <ClInclude Include="..\External\glm\gtx\extend.inl">
      <Filter>External\glm</Filter>
    </ClInclude>
    <ClInclude Include="..\External\glm\gtx\extended_min_max.hpp">
      <Filter>External\glm</Filter>
    </ClInclude>
    <ClInclude Include="..\External\glm\gtx\extended_min_max.inl">
      <Filter>External\glm</Filter>
    </ClInclude>
    <ClInclude Include="..\External\glm\gtx\exterior_product.hpp">
      <Filter>External\glm</Filter>
    </ClInclude>
    <ClInclude Include="..\External\glm\gtx\exterior_product.inl">
      <Filter>External\glm</Filter>
    </ClInclude>
    <ClInclude Include="..\External\glm\gtx\fast_exponential.hpp">
      <Filter>External\glm</Filter>
    </ClInclude>
    <ClInclude Include="..\External\glm\gtx\fast_exponential.inl">
      <Filter>External\glm</Filter>
    </ClInclude>
    <ClInclude Include="..\External\glm\gtx\fast_square_root.hpp">
      <Filter>External\glm</Filter>
    </ClInclude>
    <ClInclude Include="..\External\glm\gtx\fast_square_root.inl">
      <Filter>External\glm</Filter>
    </ClInclude>
    <ClInclude Include="..\External\glm\gtx\fast_trigonometry.hpp">
      <Filter>External\glm</Filter>
    </ClInclude>
    <ClInclude Include="..\External\glm\gtx\fast_trigonometry.inl">
      <Filter>External\glm</Filter>
    </ClInclude>
    <ClInclude Include="..\External\glm\gtx\float_notmalize.inl">
      <Filter>External\glm</Filter>
    </ClInclude>
    <ClInclude Include="..\External\glm\gtx\functions.hpp">
      <Filter>External\glm</Filter>
    </ClInclude>
    <ClInclude Include="..\External\glm\gtx\functions.inl">
      <Filter>External\glm</Filter>
    </ClInclude>
    <ClInclude Include="..\External\glm\gtx\gradient_paint.hpp">
      <Filter>External\glm</Filter>
    </ClInclude>
    <ClInclude Include="..\External\glm\gtx\gradient_paint.inl">
      <Filter>External\glm</Filter>
    </ClInclude>
    <ClInclude Include="..\External\glm\gtx\handed_coordinate_space.hpp">
      <Filter>External\glm</Filter>
    </ClInclude>
    <ClInclude Include="..\External\glm\gtx\handed_coordinate_space.inl">
      <Filter>External\glm</Filter>
    </ClInclude>
    <ClInclude Include="..\External\glm\gtx\hash.hpp">
      <Filter>External\glm</Filter>
    </ClInclude>
    <ClInclude Include="..\External\glm\gtx\hash.inl">
      <Filter>External\glm</Filter>
    </ClInclude>
    <ClInclude Include="..\External\glm\gtx\integer.hpp">
      <Filter>External\glm</Filter>
    </ClInclude>
    <ClInclude Include="..\External\glm\gtx\integer.inl">
      <Filter>External\glm</Filter>
    </ClInclude>
    <ClInclude Include="..\External\glm\gtx\intersect.hpp">
      <Filter>External\glm</Filter>
    </ClInclude>
    <ClInclude Include="..\External\glm\gtx\intersect.inl">
      <Filter>External\glm</Filter>
    </ClInclude>
    <ClInclude Include="..\External\glm\gtx\io.hpp">
      <Filter>External\glm</Filter>
    </ClInclude>
    <ClInclude Include="..\External\glm\gtx\io.inl">
      <Filter>External\glm</Filter>
    </ClInclude>
    <ClInclude Include="..\External\glm\gtx\log_base.hpp">
      <Filter>External\glm</Filter>
    </ClInclude>
    <ClInclude Include="..\External\glm\gtx\log_base.inl">
      <Filter>External\glm</Filter>
    </ClInclude>
    <ClInclude Include="..\External\glm\gtx\matrix_cross_product.hpp">
      <Filter>External\glm</Filter>
    </ClInclude>
    <ClInclude Include="..\External\glm\gtx\matrix_cross_product.inl">
      <Filter>External\glm</Filter>
    </ClInclude>
    <ClInclude Include="..\External\glm\gtx\matrix_decompose.hpp">
      <Filter>External\glm</Filter>
    </ClInclude>
    <ClInclude Include="..\External\glm\gtx\matrix_decompose.inl">
      <Filter>External\glm</Filter>
    </ClInclude>
    <ClInclude Include="..\External\glm\gtx\matrix_factorisation.hpp">
      <Filter>External\glm</Filter>
    </ClInclude>
    <ClInclude Include="..\External\glm\gtx\matrix_factorisation.inl">
      <Filter>External\glm</Filter>
    </ClInclude>
    <ClInclude Include="..\External\glm\gtx\matrix_interpolation.hpp">
      <Filter>External\glm</Filter>
    </ClInclude>
    <ClInclude Include="..\External\glm\gtx\matrix_interpolation.inl">
      <Filter>External\glm</Filter>
    </ClInclude>
    <ClInclude Include="..\External\glm\gtx\matrix_major_storage.hpp">
      <Filter>External\glm</Filter>
    </ClInclude>
    <ClInclude Include="..\External\glm\gtx\matrix_major_storage.inl">
      <Filter>External\glm</Filter>
    </ClInclude>
    <ClInclude Include="..\External\glm\gtx\matrix_operation.hpp">
      <Filter>External\glm</Filter>
    </ClInclude>
    <ClInclude Include="..\External\glm\gtx\matrix_operation.inl">
      <Filter>External\glm</Filter>
    </ClInclude>
    <ClInclude Include="..\External\glm\gtx\matrix_query.hpp">
      <Filter>External\glm</Filter>
    </ClInclude>
    <ClInclude Include="..\External\glm\gtx\matrix_query.inl">
      <Filter>External\glm</Filter>
    </ClInclude>
    <ClInclude Include="..\External\glm\gtx\matrix_transform_2d.hpp">
      <Filter>External\glm</Filter>
    </ClInclude>
    <ClInclude Include="..\External\glm\gtx\matrix_transform_2d.inl">
      <Filter>External\glm</Filter>
    </ClInclude>
    <ClInclude Include="..\External\glm\gtx\mixed_product.hpp">
      <Filter>External\glm</Filter>
    </ClInclude>
    <ClInclude Include="..\External\glm\gtx\mixed_product.inl">
      <Filter>External\glm</Filter>
    </ClInclude>
    <ClInclude Include="..\External\glm\gtx\norm.hpp">
      <Filter>External\glm</Filter>
    </ClInclude>
    <ClInclude Include="..\External\glm\gtx\norm.inl">
      <Filter>External\glm</Filter>
    </ClInclude>
    <ClInclude Include="..\External\glm\gtx\normal.hpp">
      <Filter>External\glm</Filter>
    </ClInclude>
    <ClInclude Include="..\External\glm\gtx\normal.inl">
      <Filter>External\glm</Filter>
    </ClInclude>
    <ClInclude Include="..\External\glm\gtx\normalize_dot.hpp">
      <Filter>External\glm</Filter>
    </ClInclude>
    <ClInclude Include="..\External\glm\gtx\normalize_dot.inl">
      <Filter>External\glm</Filter>
    </ClInclude>
    <ClInclude Include="..\External\glm\gtx\number_precision.hpp">
      <Filter>External\glm</Filter>
    </ClInclude>
    <ClInclude Include="..\External\glm\gtx\optimum_pow.hpp">
      <Filter>External\glm</Filter>
    </ClInclude>
    <ClInclude Include="..\External\glm\gtx\optimum_pow.inl">
      <Filter>External\glm</Filter>
    </ClInclude>
    <ClInclude Include="..\External\glm\gtx\orthonormalize.hpp">
      <Filter>External\glm</Filter>
    </ClInclude>
    <ClInclude Include="..\External\glm\gtx\orthonormalize.inl">
      <Filter>External\glm</Filter>
    </ClInclude>
    <ClInclude Include="..\External\glm\gtx\pca.hpp">
      <Filter>External\glm</Filter>
    </ClInclude>
    <ClInclude Include="..\External\glm\gtx\pca.inl">
      <Filter>External\glm</Filter>
    </ClInclude>
    <ClInclude Include="..\External\glm\gtx\perpendicular.hpp">
      <Filter>External\glm</Filter>
    </ClInclude>
    <ClInclude Include="..\External\glm\gtx\perpendicular.inl">
      <Filter>External\glm</Filter>
    </ClInclude>
    <ClInclude Include="..\External\glm\gtx\polar_coordinates.hpp">
      <Filter>External\glm</Filter>
    </ClInclude>
    <ClInclude Include="..\External\glm\gtx\polar_coordinates.inl">
      <Filter>External\glm</Filter>
    </ClInclude>
    <ClInclude Include="..\External\glm\gtx\projection.hpp">
      <Filter>External\glm</Filter>
    </ClInclude>
    <ClInclude Include="..\External\glm\gtx\projection.inl">
      <Filter>External\glm</Filter>
    </ClInclude>
    <ClInclude Include="..\External\glm\gtx\quaternion.hpp">
      <Filter>External\glm</Filter>
    </ClInclude>
    <ClInclude Include="..\External\glm\gtx\quaternion.inl">
      <Filter>External\glm</Filter>
    </ClInclude>
    <ClInclude Include="..\External\glm\gtx\range.hpp">
      <Filter>External\glm</Filter>
    </ClInclude>
    <ClInclude Include="..\External\glm\gtx\raw_data.hpp">
      <Filter>External\glm</Filter>
    </ClInclude>
    <ClInclude Include="..\External\glm\gtx\raw_data.inl">
      <Filter>External\glm</Filter>
    </ClInclude>
    <ClInclude Include="..\External\glm\gtx\rotate_normalized_axis.hpp">
      <Filter>External\glm</Filter>
    </ClInclude>
    <ClInclude Include="..\External\glm\gtx\rotate_normalized_axis.inl">
      <Filter>External\glm</Filter>
    </ClInclude>
    <ClInclude Include="..\External\glm\gtx\rotate_vector.hpp">
      <Filter>External\glm</Filter>
    </ClInclude>
    <ClInclude Include="..\External\glm\gtx\rotate_vector.inl">
      <Filter>External\glm</Filter>
    </ClInclude>
    <ClInclude Include="..\External\glm\gtx\scalar_multiplication.hpp">
      <Filter>External\glm</Filter>
    </ClInclude>
    <ClInclude Include="..\External\glm\gtx\scalar_relational.hpp">
      <Filter>External\glm</Filter>
    </ClInclude>
    <ClInclude Include="..\External\glm\gtx\scalar_relational.inl">
      <Filter>External\glm</Filter>
    </ClInclude>
    <ClInclude Include="..\External\glm\gtx\spline.hpp">
      <Filter>External\glm</Filter>
    </ClInclude>
    <ClInclude Include="..\External\glm\gtx\spline.inl">
      <Filter>External\glm</Filter>
    </ClInclude>
    <ClInclude Include="..\External\glm\gtx\std_based_type.hpp">
      <Filter>External\glm</Filter>
    </ClInclude>
    <ClInclude Include="..\External\glm\gtx\std_based_type.inl">
      <Filter>External\glm</Filter>
    </ClInclude>
    <ClInclude Include="..\External\glm\gtx\string_cast.hpp">
      <Filter>External\glm</Filter>
    </ClInclude>
    <ClInclude Include="..\External\glm\gtx\string_cast.inl">
      <Filter>External\glm</Filter>
    </ClInclude>
    <ClInclude Include="..\External\glm\gtx\texture.hpp">
      <Filter>External\glm</Filter>
    </ClInclude>
    <ClInclude Include="..\External\glm\gtx\texture.inl">
      <Filter>External\glm</Filter>
    </ClInclude>
    <ClInclude Include="..\External\glm\gtx\transform.hpp">
      <Filter>External\glm</Filter>
    </ClInclude>
    <ClInclude Include="..\External\glm\gtx\transform.inl">
      <Filter>External\glm</Filter>
    </ClInclude>
    <ClInclude Include="..\External\glm\gtx\transform2.hpp">
      <Filter>External\glm</Filter>
    </ClInclude>
    <ClInclude Include="..\External\glm\gtx\transform2.inl">
      <Filter>External\glm</Filter>
    </ClInclude>
    <ClInclude Include="..\External\glm\gtx\type_aligned.hpp">
      <Filter>External\glm</Filter>
    </ClInclude>
    <ClInclude Include="..\External\glm\gtx\type_aligned.inl">
      <Filter>External\glm</Filter>
    </ClInclude>
    <ClInclude Include="..\External\glm\gtx\type_trait.hpp">
      <Filter>External\glm</Filter>
    </ClInclude>
    <ClInclude Include="..\External\glm\gtx\type_trait.inl">
      <Filter>External\glm</Filter>
    </ClInclude>
    <ClInclude Include="..\External\glm\gtx\vector_angle.hpp">
      <Filter>External\glm</Filter>
    </ClInclude>
    <ClInclude Include="..\External\glm\gtx\vector_angle.inl">
      <Filter>External\glm</Filter>
    </ClInclude>
    <ClInclude Include="..\External\glm\gtx\vector_query.hpp">
      <Filter>External\glm</Filter>
    </ClInclude>
    <ClInclude Include="..\External\glm\gtx\vector_query.inl">
      <Filter>External\glm</Filter>
    </ClInclude>
    <ClInclude Include="..\External\glm\gtx\vec_swizzle.hpp">
      <Filter>External\glm</Filter>
    </ClInclude>
    <ClInclude Include="..\External\glm\gtx\wrap.hpp">
      <Filter>External\glm</Filter>
    </ClInclude>
    <ClInclude Include="..\External\glm\gtx\wrap.inl">
      <Filter>External\glm</Filter>
    </ClInclude>
    <ClInclude Include="..\External\glm\integer.hpp">
      <Filter>External\glm</Filter>
    </ClInclude>
    <ClInclude Include="..\External\glm\mat2x2.hpp">
      <Filter>External\glm</Filter>
    </ClInclude>
    <ClInclude Include="..\External\glm\mat2x3.hpp">
      <Filter>External\glm</Filter>
    </ClInclude>
    <ClInclude Include="..\External\glm\mat2x4.hpp">
      <Filter>External\glm</Filter>
    </ClInclude>
    <ClInclude Include="..\External\glm\mat3x2.hpp">
      <Filter>External\glm</Filter>
    </ClInclude>
    <ClInclude Include="..\External\glm\mat3x3.hpp">
      <Filter>External\glm</Filter>
    </ClInclude>
    <ClInclude Include="..\External\glm\mat3x4.hpp">
      <Filter>External\glm</Filter>
    </ClInclude>
    <ClInclude Include="..\External\glm\mat4x2.hpp">
      <Filter>External\glm</Filter>
    </ClInclude>
    <ClInclude Include="..\External\glm\mat4x3.hpp">
      <Filter>External\glm</Filter>
    </ClInclude>
    <ClInclude Include="..\External\glm\mat4x4.hpp">
      <Filter>External\glm</Filter>
    </ClInclude>
    <ClInclude Include="..\External\glm\matrix.hpp">
      <Filter>External\glm</Filter>
    </ClInclude>
    <ClInclude Include="..\External\glm\packing.hpp">
      <Filter>External\glm</Filter>
    </ClInclude>
    <ClInclude Include="..\External\glm\simd\common.h">
      <Filter>External\glm</Filter>
    </ClInclude>
    <ClInclude Include="..\External\glm\simd\exponential.h">
      <Filter>External\glm</Filter>
    </ClInclude>
    <ClInclude Include="..\External\glm\simd\geometric.h">
      <Filter>External\glm</Filter>
    </ClInclude>
    <ClInclude Include="..\External\glm\simd\integer.h">
      <Filter>External\glm</Filter>
    </ClInclude>
    <ClInclude Include="..\External\glm\simd\matrix.h">
      <Filter>External\glm</Filter>
    </ClInclude>
    <ClInclude Include="..\External\glm\simd\neon.h">
      <Filter>External\glm</Filter>
    </ClInclude>
    <ClInclude Include="..\External\glm\simd\packing.h">
      <Filter>External\glm</Filter>
    </ClInclude>
    <ClInclude Include="..\External\glm\simd\platform.h">
      <Filter>External\glm</Filter>
    </ClInclude>
    <ClInclude Include="..\External\glm\simd\trigonometric.h">
      <Filter>External\glm</Filter>
    </ClInclude>
    <ClInclude Include="..\External\glm\simd\vector_relational.h">
      <Filter>External\glm</Filter>
    </ClInclude>
    <ClInclude Include="..\External\glm\trigonometric.hpp">
      <Filter>External\glm</Filter>
    </ClInclude>
    <ClInclude Include="..\External\glm\vec2.hpp">
      <Filter>External\glm</Filter>
    </ClInclude>
    <ClInclude Include="..\External\glm\vec3.hpp">
      <Filter>External\glm</Filter>
    </ClInclude>
    <ClInclude Include="..\External\glm\vec4.hpp">
      <Filter>External\glm</Filter>
    </ClInclude>
    <ClInclude Include="..\External\glm\vector_relational.hpp">
      <Filter>External\glm</Filter>
    </ClInclude>
    <ClInclude Include="Public\Rendering\OpenGLCore.h">
      <Filter>Header Files</Filter>
    </ClInclude>
    <ClInclude Include="..\External\glm\detail\_noise.hpp">
      <Filter>External\glm</Filter>
    </ClInclude>
    <ClInclude Include="..\External\stb_image\stb_image.h">
      <Filter>External\stb_image</Filter>
    </ClInclude>
    <ClInclude Include="Public\EngineAPI.h">
      <Filter>Header Files</Filter>
    </ClInclude>
  </ItemGroup>
</Project>